Microsoft Visual Studio Solution File, Format Version 12.00
# Visual Studio Version 17
VisualStudioVersion = 17.5.2.0
MinimumVisualStudioVersion = 10.0.40219.1
Project("{2150E333-8FDC-42A3-9474-1A3956D46DE8}") = "campuslearn", "campuslearn", "{B5926BD6-A6BD-0EEF-0C17-6655426107D0}"
EndProject
Project("{FAE04EC0-301F-11D3-BF4B-00C04F79EFBC}") = "CampusLearnBackend", "campuslearn\backend\CampusLearnBackend.csproj", "{EC936B22-1428-3F84-85B5-699DF524D77F}"
EndProject
Global
	GlobalSection(SolutionConfigurationPlatforms) = preSolution
		Debug|Any CPU = Debug|Any CPU
		Release|Any CPU = Release|Any CPU
	EndGlobalSection
	GlobalSection(ProjectConfigurationPlatforms) = postSolution
		{EC936B22-1428-3F84-85B5-699DF524D77F}.Debug|Any CPU.ActiveCfg = Debug|Any CPU
		{EC936B22-1428-3F84-85B5-699DF524D77F}.Debug|Any CPU.Build.0 = Debug|Any CPU
		{EC936B22-1428-3F84-85B5-699DF524D77F}.Release|Any CPU.ActiveCfg = Release|Any CPU
		{EC936B22-1428-3F84-85B5-699DF524D77F}.Release|Any CPU.Build.0 = Release|Any CPU
	EndGlobalSection
	GlobalSection(SolutionProperties) = preSolution
		HideSolutionNode = FALSE
	EndGlobalSection
	GlobalSection(NestedProjects) = preSolution
		{EC936B22-1428-3F84-85B5-699DF524D77F} = {B5926BD6-A6BD-0EEF-0C17-6655426107D0}
	EndGlobalSection
	GlobalSection(ExtensibilityGlobals) = postSolution
		SolutionGuid = {684AC42D-351E-42DF-8140-DC4355A95708}
	EndGlobalSection
EndGlobal
